// !$*UTF8*$!
{
	archiveVersion = 1;
	classes = {
	};
	objectVersion = 50;
	objects = {

/* Begin PBXBuildFile section */
		BC14310524E26EE500B4C749 /* AppDelegate.m in Sources */ = {isa = PBXBuildFile; fileRef = BC14310424E26EE500B4C749 /* AppDelegate.m */; };
		BC14310824E26EE500B4C749 /* SceneDelegate.m in Sources */ = {isa = PBXBuildFile; fileRef = BC14310724E26EE500B4C749 /* SceneDelegate.m */; };
		BC14310B24E26EE500B4C749 /* ViewController.m in Sources */ = {isa = PBXBuildFile; fileRef = BC14310A24E26EE500B4C749 /* ViewController.m */; };
		BC14310E24E26EE600B4C749 /* Main.storyboard in Resources */ = {isa = PBXBuildFile; fileRef = BC14310C24E26EE500B4C749 /* Main.storyboard */; };
		BC14311024E26EEA00B4C749 /* Assets.xcassets in Resources */ = {isa = PBXBuildFile; fileRef = BC14310F24E26EEA00B4C749 /* Assets.xcassets */; };
		BC14311324E26EEA00B4C749 /* LaunchScreen.storyboard in Resources */ = {isa = PBXBuildFile; fileRef = BC14311124E26EEA00B4C749 /* LaunchScreen.storyboard */; };
		BC14311624E26EEA00B4C749 /* main.m in Sources */ = {isa = PBXBuildFile; fileRef = BC14311524E26EEA00B4C749 /* main.m */; };
		BC14312124E2713000B4C749 /* CharlesFFLikeEffectBtn.m in Sources */ = {isa = PBXBuildFile; fileRef = BC14312024E2713000B4C749 /* CharlesFFLikeEffectBtn.m */; };
/* End PBXBuildFile section */

/* Begin PBXFileReference section */
		BC14310024E26EE500B4C749 /* LikeEffect.app */ = {isa = PBXFileReference; explicitFileType = wrapper.application; includeInIndex = 0; path = LikeEffect.app; sourceTree = BUILT_PRODUCTS_DIR; };
		BC14310324E26EE500B4C749 /* AppDelegate.h */ = {isa = PBXFileReference; lastKnownFileType = sourcecode.c.h; path = AppDelegate.h; sourceTree = "<group>"; };
		BC14310424E26EE500B4C749 /* AppDelegate.m */ = {isa = PBXFileReference; lastKnownFileType = sourcecode.c.objc; path = AppDelegate.m; sourceTree = "<group>"; };
		BC14310624E26EE500B4C749 /* SceneDelegate.h */ = {isa = PBXFileReference; lastKnownFileType = sourcecode.c.h; path = SceneDelegate.h; sourceTree = "<group>"; };
		BC14310724E26EE500B4C749 /* SceneDelegate.m */ = {isa = PBXFileReference; lastKnownFileType = sourcecode.c.objc; path = SceneDelegate.m; sourceTree = "<group>"; };
		BC14310924E26EE500B4C749 /* ViewController.h */ = {isa = PBXFileReference; lastKnownFileType = sourcecode.c.h; path = ViewController.h; sourceTree = "<group>"; };
		BC14310A24E26EE500B4C749 /* ViewController.m */ = {isa = PBXFileReference; lastKnownFileType = sourcecode.c.objc; path = ViewController.m; sourceTree = "<group>"; };
		BC14310D24E26EE500B4C749 /* Base */ = {isa = PBXFileReference; lastKnownFileType = file.storyboard; name = Base; path = Base.lproj/Main.storyboard; sourceTree = "<group>"; };
		BC14310F24E26EEA00B4C749 /* Assets.xcassets */ = {isa = PBXFileReference; lastKnownFileType = folder.assetcatalog; path = Assets.xcassets; sourceTree = "<group>"; };
		BC14311224E26EEA00B4C749 /* Base */ = {isa = PBXFileReference; lastKnownFileType = file.storyboard; name = Base; path = Base.lproj/LaunchScreen.storyboard; sourceTree = "<group>"; };
		BC14311424E26EEA00B4C749 /* Info.plist */ = {isa = PBXFileReference; lastKnownFileType = text.plist.xml; path = Info.plist; sourceTree = "<group>"; };
		BC14311524E26EEA00B4C749 /* main.m */ = {isa = PBXFileReference; lastKnownFileType = sourcecode.c.objc; path = main.m; sourceTree = "<group>"; };
		BC14311F24E2713000B4C749 /* CharlesFFLikeEffectBtn.h */ = {isa = PBXFileReference; lastKnownFileType = sourcecode.c.h; path = CharlesFFLikeEffectBtn.h; sourceTree = "<group>"; };
		BC14312024E2713000B4C749 /* CharlesFFLikeEffectBtn.m */ = {isa = PBXFileReference; lastKnownFileType = sourcecode.c.objc; path = CharlesFFLikeEffectBtn.m; sourceTree = "<group>"; };
/* End PBXFileReference section */

/* Begin PBXFrameworksBuildPhase section */
		BC1430FD24E26EE500B4C749 /* Frameworks */ = {
			isa = PBXFrameworksBuildPhase;
			buildActionMask = 2147483647;
			files = (
			);
			runOnlyForDeploymentPostprocessing = 0;
		};
/* End PBXFrameworksBuildPhase section */

/* Begin PBXGroup section */
		BC1430F724E26EE500B4C749 = {
			isa = PBXGroup;
			children = (
				BC14310224E26EE500B4C749 /* LikeEffect */,
				BC14310124E26EE500B4C749 /* Products */,
			);
			sourceTree = "<group>";
		};
		BC14310124E26EE500B4C749 /* Products */ = {
			isa = PBXGroup;
			children = (
				BC14310024E26EE500B4C749 /* LikeEffect.app */,
			);
			name = Products;
			sourceTree = "<group>";
		};
		BC14310224E26EE500B4C749 /* LikeEffect */ = {
			isa = PBXGroup;
			children = (
				BC14310324E26EE500B4C749 /* AppDelegate.h */,
				BC14310424E26EE500B4C749 /* AppDelegate.m */,
				BC14310624E26EE500B4C749 /* SceneDelegate.h */,
				BC14310724E26EE500B4C749 /* SceneDelegate.m */,
				BC14310924E26EE500B4C749 /* ViewController.h */,
				BC14310A24E26EE500B4C749 /* ViewController.m */,
				BC14311F24E2713000B4C749 /* CharlesFFLikeEffectBtn.h */,
				BC14312024E2713000B4C749 /* CharlesFFLikeEffectBtn.m */,
				BC14310C24E26EE500B4C749 /* Main.storyboard */,
				BC14310F24E26EEA00B4C749 /* Assets.xcassets */,
				BC14311124E26EEA00B4C749 /* LaunchScreen.storyboard */,
				BC14311424E26EEA00B4C749 /* Info.plist */,
				BC14311524E26EEA00B4C749 /* main.m */,
			);
			path = LikeEffect;
			sourceTree = "<group>";
		};
/* End PBXGroup section */

/* Begin PBXNativeTarget section */
		BC1430FF24E26EE500B4C749 /* LikeEffect */ = {
			isa = PBXNativeTarget;
			buildConfigurationList = BC14311924E26EEA00B4C749 /* Build configuration list for PBXNativeTarget "LikeEffect" */;
			buildPhases = (
				BC1430FC24E26EE500B4C749 /* Sources */,
				BC1430FD24E26EE500B4C749 /* Frameworks */,
				BC1430FE24E26EE500B4C749 /* Resources */,
			);
			buildRules = (
			);
			dependencies = (
			);
			name = LikeEffect;
			productName = LikeEffect;
			productReference = BC14310024E26EE500B4C749 /* LikeEffect.app */;
			productType = "com.apple.product-type.application";
		};
/* End PBXNativeTarget section */

/* Begin PBXProject section */
		BC1430F824E26EE500B4C749 /* Project object */ = {
			isa = PBXProject;
			attributes = {
				LastUpgradeCheck = 1160;
				ORGANIZATIONNAME = CharesFly;
				TargetAttributes = {
					BC1430FF24E26EE500B4C749 = {
						CreatedOnToolsVersion = 11.6;
					};
				};
			};
			buildConfigurationList = BC1430FB24E26EE500B4C749 /* Build configuration list for PBXProject "LikeEffect" */;
			compatibilityVersion = "Xcode 9.3";
			developmentRegion = en;
			hasScannedForEncodings = 0;
			knownRegions = (
				en,
				Base,
			);
			mainGroup = BC1430F724E26EE500B4C749;
			productRefGroup = BC14310124E26EE500B4C749 /* Products */;
			projectDirPath = "";
			projectRoot = "";
			targets = (
				BC1430FF24E26EE500B4C749 /* LikeEffect */,
			);
		};
/* End PBXProject section */

/* Begin PBXResourcesBuildPhase section */
		BC1430FE24E26EE500B4C749 /* Resources */ = {
			isa = PBXResourcesBuildPhase;
			buildActionMask = 2147483647;
			files = (
				BC14311324E26EEA00B4C749 /* LaunchScreen.storyboard in Resources */,
				BC14311024E26EEA00B4C749 /* Assets.xcassets in Resources */,
				BC14310E24E26EE600B4C749 /* Main.storyboard in Resources */,
			);
			runOnlyForDeploymentPostprocessing = 0;
		};
/* End PBXResourcesBuildPhase section */

/* Begin PBXSourcesBuildPhase section */
		BC1430FC24E26EE500B4C749 /* Sources */ = {
			isa = PBXSourcesBuildPhase;
			buildActionMask = 2147483647;
			files = (
				BC14310B24E26EE500B4C749 /* ViewController.m in Sources */,
				BC14312124E2713000B4C749 /* CharlesFFLikeEffectBtn.m in Sources */,
				BC14310524E26EE500B4C749 /* AppDelegate.m in Sources */,
				BC14311624E26EEA00B4C749 /* main.m in Sources */,
				BC14310824E26EE500B4C749 /* SceneDelegate.m in Sources */,
			);
			runOnlyForDeploymentPostprocessing = 0;
		};
/* End PBXSourcesBuildPhase section */

/* Begin PBXVariantGroup section */
		BC14310C24E26EE500B4C749 /* Main.storyboard */ = {
			isa = PBXVariantGroup;
			children = (
				BC14310D24E26EE500B4C749 /* Base */,
			);
			name = Main.storyboard;
			sourceTree = "<group>";
		};
		BC14311124E26EEA00B4C749 /* LaunchScreen.storyboard */ = {
			isa = PBXVariantGroup;
			children = (
				BC14311224E26EEA00B4C749 /* Base */,
			);
			name = LaunchScreen.storyboard;
			sourceTree = "<group>";
		};
/* End PBXVariantGroup section */

/* Begin XCBuildConfiguration section */
		BC14311724E26EEA00B4C749 /* Debug */ = {
			isa = XCBuildConfiguration;
			buildSettings = {
				ALWAYS_SEARCH_USER_PATHS = NO;
				CLANG_ANALYZER_NONNULL = YES;
				CLANG_ANALYZER_NUMBER_OBJECT_CONVERSION = YES_AGGRESSIVE;
				CLANG_CXX_LANGUAGE_STANDARD = "gnu++14";
				CLANG_CXX_LIBRARY = "libc++";
				CLANG_ENABLE_MODULES = YES;
				CLANG_ENABLE_OBJC_ARC = YES;
				CLANG_ENABLE_OBJC_WEAK = YES;
				CLANG_WARN_BLOCK_CAPTURE_AUTORELEASING = YES;
				CLANG_WARN_BOOL_CONVERSION = YES;
				CLANG_WARN_COMMA = YES;
				CLANG_WARN_CONSTANT_CONVERSION = YES;
				CLANG_WARN_DEPRECATED_OBJC_IMPLEMENTATIONS = YES;
				CLANG_WARN_DIRECT_OBJC_ISA_USAGE = YES_ERROR;
				CLANG_WARN_DOCUMENTATION_COMMENTS = YES;
				CLANG_WARN_EMPTY_BODY = YES;
				CLANG_WARN_ENUM_CONVERSION = YES;
				CLANG_WARN_INFINITE_RECURSION = YES;
				CLANG_WARN_INT_CONVERSION = YES;
				CLANG_WARN_NON_LITERAL_NULL_CONVERSION = YES;
				CLANG_WARN_OBJC_IMPLICIT_RETAIN_SELF = YES;
				CLANG_WARN_OBJC_LITERAL_CONVERSION = YES;
				CLANG_WARN_OBJC_ROOT_CLASS = YES_ERROR;
				CLANG_WARN_RANGE_LOOP_ANALYSIS = YES;
				CLANG_WARN_STRICT_PROTOTYPES = YES;
				CLANG_WARN_SUSPICIOUS_MOVE = YES;
				CLANG_WARN_UNGUARDED_AVAILABILITY = YES_AGGRESSIVE;
				CLANG_WARN_UNREACHABLE_CODE = YES;
				CLANG_WARN__DUPLICATE_METHOD_MATCH = YES;
				COPY_PHASE_STRIP = NO;
				DEBUG_INFORMATION_FORMAT = dwarf;
				ENABLE_STRICT_OBJC_MSGSEND = YES;
				ENABLE_TESTABILITY = YES;
				GCC_C_LANGUAGE_STANDARD = gnu11;
				GCC_DYNAMIC_NO_PIC = NO;
				GCC_NO_COMMON_BLOCKS = YES;
				GCC_OPTIMIZATION_LEVEL = 0;
				GCC_PREPROCESSOR_DEFINITIONS = (
					"DEBUG=1",
					"$(inherited)",
				);
				GCC_WARN_64_TO_32_BIT_CONVERSION = YES;
				GCC_WARN_ABOUT_RETURN_TYPE = YES_ERROR;
				GCC_WARN_UNDECLARED_SELECTOR = YES;
				GCC_WARN_UNINITIALIZED_AUTOS = YES_AGGRESSIVE;
				GCC_WARN_UNUSED_FUNCTION = YES;
				GCC_WARN_UNUSED_VARIABLE = YES;
				IPHONEOS_DEPLOYMENT_TARGET = 13.6;
				MTL_ENABLE_DEBUG_INFO = INCLUDE_SOURCE;
				MTL_FAST_MATH = YES;
				ONLY_ACTIVE_ARCH = YES;
				SDKROOT = iphoneos;
			};
			name = Debug;
		};
		BC14311824E26EEA00B4C749 /* Release */ = {
			isa = XCBuildConfiguration;
			buildSettings = {
				ALWAYS_SEARCH_USER_PATHS = NO;
				CLANG_ANALYZER_NONNULL = YES;
				CLANG_ANALYZER_NUMBER_OBJECT_CONVERSION = YES_AGGRESSIVE;
				CLANG_CXX_LANGUAGE_STANDARD = "gnu++14";
				CLANG_CXX_LIBRARY = "libc++";
				CLANG_ENABLE_MODULES = YES;
				CLANG_ENABLE_OBJC_ARC = YES;
				CLANG_ENABLE_OBJC_WEAK = YES;
				CLANG_WARN_BLOCK_CAPTURE_AUTORELEASING = YES;
				CLANG_WARN_BOOL_CONVERSION = YES;
				CLANG_WARN_COMMA = YES;
				CLANG_WARN_CONSTANT_CONVERSION = YES;
				CLANG_WARN_DEPRECATED_OBJC_IMPLEMENTATIONS = YES;
				CLANG_WARN_DIRECT_OBJC_ISA_USAGE = YES_ERROR;
				CLANG_WARN_DOCUMENTATION_COMMENTS = YES;
				CLANG_WARN_EMPTY_BODY = YES;
				CLANG_WARN_ENUM_CONVERSION = YES;
				CLANG_WARN_INFINITE_RECURSION = YES;
				CLANG_WARN_INT_CONVERSION = YES;
				CLANG_WARN_NON_LITERAL_NULL_CONVERSION = YES;
				CLANG_WARN_OBJC_IMPLICIT_RETAIN_SELF = YES;
				CLANG_WARN_OBJC_LITERAL_CONVERSION = YES;
				CLANG_WARN_OBJC_ROOT_CLASS = YES_ERROR;
				CLANG_WARN_RANGE_LOOP_ANALYSIS = YES;
				CLANG_WARN_STRICT_PROTOTYPES = YES;
				CLANG_WARN_SUSPICIOUS_MOVE = YES;
				CLANG_WARN_UNGUARDED_AVAILABILITY = YES_AGGRESSIVE;
				CLANG_WARN_UNREACHABLE_CODE = YES;
				CLANG_WARN__DUPLICATE_METHOD_MATCH = YES;
				COPY_PHASE_STRIP = NO;
				DEBUG_INFORMATION_FORMAT = "dwarf-with-dsym";
				ENABLE_NS_ASSERTIONS = NO;
				ENABLE_STRICT_OBJC_MSGSEND = YES;
				GCC_C_LANGUAGE_STANDARD = gnu11;
				GCC_NO_COMMON_BLOCKS = YES;
				GCC_WARN_64_TO_32_BIT_CONVERSION = YES;
				GCC_WARN_ABOUT_RETURN_TYPE = YES_ERROR;
				GCC_WARN_UNDECLARED_SELECTOR = YES;
				GCC_WARN_UNINITIALIZED_AUTOS = YES_AGGRESSIVE;
				GCC_WARN_UNUSED_FUNCTION = YES;
				GCC_WARN_UNUSED_VARIABLE = YES;
				IPHONEOS_DEPLOYMENT_TARGET = 13.6;
				MTL_ENABLE_DEBUG_INFO = NO;
				MTL_FAST_MATH = YES;
				SDKROOT = iphoneos;
				VALIDATE_PRODUCT = YES;
			};
			name = Release;
		};
		BC14311A24E26EEA00B4C749 /* Debug */ = {
			isa = XCBuildConfiguration;
			buildSettings = {
				ASSETCATALOG_COMPILER_APPICON_NAME = AppIcon;
				CODE_SIGN_STYLE = Automatic;
				DEVELOPMENT_TEAM = GURSNXXGQK;
				INFOPLIST_FILE = LikeEffect/Info.plist;
				LD_RUNPATH_SEARCH_PATHS = (
					"$(inherited)",
					"@executable_path/Frameworks",
				);
				PRODUCT_BUNDLE_IDENTIFIER = CharlesPro.LikeEffect;
				PRODUCT_NAME = "$(TARGET_NAME)";
				TARGETED_DEVICE_FAMILY = "1,2";
			};
			name = Debug;
		};
		BC14311B24E26EEA00B4C749 /* Release */ = {
			isa = XCBuildConfiguration;
			buildSettings = {
				ASSETCATALOG_COMPILER_APPICON_NAME = AppIcon;
				CODE_SIGN_STYLE = Automatic;
				DEVELOPMENT_TEAM = GURSNXXGQK;
				INFOPLIST_FILE = LikeEffect/Info.plist;
				LD_RUNPATH_SEARCH_PATHS = (
					"$(inherited)",
					"@executable_path/Frameworks",
				);
				PRODUCT_BUNDLE_IDENTIFIER = CharlesPro.LikeEffect;
				PRODUCT_NAME = "$(TARGET_NAME)";
				TARGETED_DEVICE_FAMILY = "1,2";
			};
			name = Release;
		};
/* End XCBuildConfiguration section */

/* Begin XCConfigurationList section */
		BC1430FB24E26EE500B4C749 /* Build configuration list for PBXProject "LikeEffect" */ = {
			isa = XCConfigurationList;
			buildConfigurations = (
				BC14311724E26EEA00B4C749 /* Debug */,
				BC14311824E26EEA00B4C749 /* Release */,
			);
			defaultConfigurationIsVisible = 0;
			defaultConfigurationName = Release;
		};
		BC14311924E26EEA00B4C749 /* Build configuration list for PBXNativeTarget "LikeEffect" */ = {
			isa = XCConfigurationList;
			buildConfigurations = (
				BC14311A24E26EEA00B4C749 /* Debug */,
				BC14311B24E26EEA00B4C749 /* Release */,
			);
			defaultConfigurationIsVisible = 0;
			defaultConfigurationName = Release;
		};
/* End XCConfigurationList section */
	};
	rootObject = BC1430F824E26EE500B4C749 /* Project object */;
}
